Microsoft Visual Studio Solution File, Format Version 12.00
# Visual Studio 15
Project("{8BC9CEB8-8B4A-11D0-8D11-00A0C91BC942}") = "ALL_BUILD", "ALL_BUILD.vcxproj", "{7D66407F-9975-3825-90BD-E8A08C85BCC3}"
	ProjectSection(ProjectDependencies) = postProject
		{E28979F6-73B0-3A12-B75F-CFD26325D284} = {E28979F6-73B0-3A12-B75F-CFD26325D284}
		{CADCCDFF-ACC4-3957-93B0-B10E9DD563E4} = {CADCCDFF-ACC4-3957-93B0-B10E9DD563E4}
	EndProjectSection
EndProject
Project("{8BC9CEB8-8B4A-11D0-8D11-00A0C91BC942}") = "Simulator", "Simulator.vcxproj", "{E28979F6-73B0-3A12-B75F-CFD26325D284}"
	ProjectSection(ProjectDependencies) = postProject
		{CADCCDFF-ACC4-3957-93B0-B10E9DD563E4} = {CADCCDFF-ACC4-3957-93B0-B10E9DD563E4}
	EndProjectSection
EndProject
Project("{8BC9CEB8-8B4A-11D0-8D11-00A0C91BC942}") = "ZERO_CHECK", "..\..\\ZERO_CHECK.vcxproj", "{CADCCDFF-ACC4-3957-93B0-B10E9DD563E4}"
	ProjectSection(ProjectDependencies) = postProject
	EndProjectSection
EndProject
Global
	GlobalSection(SolutionConfigurationPlatforms) = preSolution
		Debug|Win32 = Debug|Win32
		Release|Win32 = Release|Win32
		MinSizeRel|Win32 = MinSizeRel|Win32
		RelWithDebInfo|Win32 = RelWithDebInfo|Win32
	EndGlobalSection
	GlobalSection(ProjectConfigurationPlatforms) = postSolution
		{7D66407F-9975-3825-90BD-E8A08C85BCC3}.Debug|Win32.ActiveCfg = Debug|Win32
		{7D66407F-9975-3825-90BD-E8A08C85BCC3}.Release|Win32.ActiveCfg = Release|Win32
		{7D66407F-9975-3825-90BD-E8A08C85BCC3}.MinSizeRel|Win32.ActiveCfg = MinSizeRel|Win32
		{7D66407F-9975-3825-90BD-E8A08C85BCC3}.RelWithDebInfo|Win32.ActiveCfg = RelWithDebInfo|Win32
		{E28979F6-73B0-3A12-B75F-CFD26325D284}.Debug|Win32.ActiveCfg = Debug|Win32
		{E28979F6-73B0-3A12-B75F-CFD26325D284}.Debug|Win32.Build.0 = Debug|Win32
		{E28979F6-73B0-3A12-B75F-CFD26325D284}.Release|Win32.ActiveCfg = Release|Win32
		{E28979F6-73B0-3A12-B75F-CFD26325D284}.Release|Win32.Build.0 = Release|Win32
		{E28979F6-73B0-3A12-B75F-CFD26325D284}.MinSizeRel|Win32.ActiveCfg = MinSizeRel|Win32
		{E28979F6-73B0-3A12-B75F-CFD26325D284}.MinSizeRel|Win32.Build.0 = MinSizeRel|Win32
		{E28979F6-73B0-3A12-B75F-CFD26325D284}.RelWithDebInfo|Win32.ActiveCfg = RelWithDebInfo|Win32
		{E28979F6-73B0-3A12-B75F-CFD26325D284}.RelWithDebInfo|Win32.Build.0 = RelWithDebInfo|Win32
		{CADCCDFF-ACC4-3957-93B0-B10E9DD563E4}.Debug|Win32.ActiveCfg = Debug|Win32
		{CADCCDFF-ACC4-3957-93B0-B10E9DD563E4}.Debug|Win32.Build.0 = Debug|Win32
		{CADCCDFF-ACC4-3957-93B0-B10E9DD563E4}.Release|Win32.ActiveCfg = Release|Win32
		{CADCCDFF-ACC4-3957-93B0-B10E9DD563E4}.Release|Win32.Build.0 = Release|Win32
		{CADCCDFF-ACC4-3957-93B0-B10E9DD563E4}.MinSizeRel|Win32.ActiveCfg = MinSizeRel|Win32
		{CADCCDFF-ACC4-3957-93B0-B10E9DD563E4}.MinSizeRel|Win32.Build.0 = MinSizeRel|Win32
		{CADCCDFF-ACC4-3957-93B0-B10E9DD563E4}.RelWithDebInfo|Win32.ActiveCfg = RelWithDebInfo|Win32
		{CADCCDFF-ACC4-3957-93B0-B10E9DD563E4}.RelWithDebInfo|Win32.Build.0 = RelWithDebInfo|Win32
	EndGlobalSection
	GlobalSection(ExtensibilityGlobals) = postSolution
		SolutionGuid = {3963FEDC-365C-382C-867B-E5D5AA5F9628}
	EndGlobalSection
	GlobalSection(ExtensibilityAddIns) = postSolution
	EndGlobalSection
EndGlobal
